
Microsoft Visual Studio Solution File, Format Version 12.00
# Visual Studio Version 17
VisualStudioVersion = 17.11.35219.272
MinimumVisualStudioVersion = 10.0.40219.1
Project("{FAE04EC0-301F-11D3-BF4B-00C04F79EFBC}") = "WindowsFormsApp1", "WindowsFormsApp1\WindowsFormsApp1.csproj", "{9609B81A-FFCA-4855-998E-C8FD1EDC341A}"
EndProject
Global
	GlobalSection(SolutionConfigurationPlatforms) = preSolution
		Debug|Any CPU = Debug|Any CPU
		Release|Any CPU = Release|Any CPU
	EndGlobalSection
	GlobalSection(ProjectConfigurationPlatforms) = postSolution
		{9609B81A-FFCA-4855-998E-C8FD1EDC341A}.Debug|Any CPU.ActiveCfg = Debug|Any CPU
		{9609B81A-FFCA-4855-998E-C8FD1EDC341A}.Debug|Any CPU.Build.0 = Debug|Any CPU
		{9609B81A-FFCA-4855-998E-C8FD1EDC341A}.Release|Any CPU.ActiveCfg = Release|Any CPU
		{9609B81A-FFCA-4855-998E-C8FD1EDC341A}.Release|Any CPU.Build.0 = Release|Any CPU
	EndGlobalSection
	GlobalSection(SolutionProperties) = preSolution
		HideSolutionNode = FALSE
	EndGlobalSection
	GlobalSection(ExtensibilityGlobals) = postSolution
		SolutionGuid = {375F80DC-3A8E-4D9B-BBB8-84863EC97C10}
	EndGlobalSection
EndGlobal
